<?xml version="1.0" encoding="utf-8"?>
<Project ToolsVersion="4.0" xmlns="http://schemas.microsoft.com/developer/msbuild/2003">
  <ItemGroup>
    <Filter Include="资源文件">
      <UniqueIdentifier>{67DA6AB6-F800-4c08-8B7A-83BB121AAD01}</UniqueIdentifier>
      <Extensions>rc;ico;cur;bmp;dlg;rc2;rct;bin;rgs;gif;jpg;jpeg;jpe;resx;tiff;tif;png;wav;mfcribbon-ms</Extensions>
    </Filter>
    <Filter Include="buffer">
      <UniqueIdentifier>{93995380-89BD-4b04-88EB-625FBE52EBFB}</UniqueIdentifier>
      <Extensions>h;hh;hpp;hxx;hm;inl;inc;ipp;xsd</Extensions>
    </Filter>
    <Filter Include="log">
      <UniqueIdentifier>{4FC737F1-C7A5-4376-A066-2A32D752A2FF}</UniqueIdentifier>
      <Extensions>cpp;c;cc;cxx;def;odl;idl;hpj;bat;asm;asmx</Extensions>
    </Filter>
    <Filter Include="common">
      <UniqueIdentifier>{e9373ec2-9242-4fd7-8690-4eb72ed1bd7c}</UniqueIdentifier>
    </Filter>
  </ItemGroup>
  <ItemGroup>
    <ClCompile Include="..\..\libdtubase\dtulog.cpp">
      <Filter>log</Filter>
    </ClCompile>
    <ClCompile Include="..\..\libdtubase\dtubuffer.cpp">
      <Filter>buffer</Filter>
    </ClCompile>
    <ClCompile Include="..\..\libdtubase\dtucommon.cpp">
      <Filter>common</Filter>
    </ClCompile>
    <ClCompile Include="..\..\libdtubase\dtustructs.cpp">
      <Filter>common</Filter>
    </ClCompile>
  </ItemGroup>
  <ItemGroup>
    <ClInclude Include="..\..\libdtubase\dtubuffer.h">
      <Filter>buffer</Filter>
    </ClInclude>
    <ClInclude Include="..\..\libdtubase\dtulog.h">
      <Filter>log</Filter>
    </ClInclude>
    <ClInclude Include="..\..\libdtubase\dtucommon.h">
      <Filter>common</Filter>
    </ClInclude>
    <ClInclude Include="..\..\libdtubase\dtustructs.h">
      <Filter>common</Filter>
    </ClInclude>
  </ItemGroup>
</Project>